<?xml version="1.0" encoding="UTF-8"?>
<Scheme
   LastUpgradeVersion = "1330"
   version = "1.3">
   <BuildAction
      parallelizeBuildables = "YES"
      buildImplicitDependencies = "YES">
      <BuildActionEntries>
         <BuildActionEntry
            buildForTesting = "YES"
            buildForRunning = "YES"
            buildForProfiling = "YES"
            buildForArchiving = "YES"
            buildForAnalyzing = "YES">
            <BuildableReference
               BuildableIdentifier = "primary"
               BlueprintIdentifier = "F3F31D8A27DFD32500D87988"
               BuildableName = "axe-devtools-ios-sample-app.app"
               BlueprintName = "axe-devtools-ios-sample-app"
               ReferencedContainer = "container:axe-devtools-ios-sample-app.xcodeproj">
            </BuildableReference>
         </BuildActionEntry>
      </BuildActionEntries>
   </BuildAction>
   <TestAction
      buildConfiguration = "Debug"
      selectedDebuggerIdentifier = "Xcode.DebuggerFoundation.Debugger.LLDB"
      selectedLauncherIdentifier = "Xcode.DebuggerFoundation.Launcher.LLDB"
      shouldUseLaunchSchemeArgsEnv = "YES">
      <Testables>
         <TestableReference
            skipped = "NO">
            <BuildableReference
               BuildableIdentifier = "primary"
               BlueprintIdentifier = "F3F31DA027DFD32500D87988"
               BuildableName = "axe-devtools-ios-sample-appTests.xctest"
               BlueprintName = "axe-devtools-ios-sample-appTests"
               ReferencedContainer = "container:axe-devtools-ios-sample-app.xcodeproj">
            </BuildableReference>
            <SkippedTests>
               <Test
                  Identifier = "axe_devtools_ios_sample_appTests">
               </Test>
            </SkippedTests>
         </TestableReference>
         <TestableReference
            skipped = "NO">
            <BuildableReference
               BuildableIdentifier = "primary"
               BlueprintIdentifier = "F3F31DAA27DFD32500D87988"
               BuildableName = "axe-devtools-ios-sample-appUITests.xctest"
               BlueprintName = "axe-devtools-ios-sample-appUITests"
               ReferencedContainer = "container:axe-devtools-ios-sample-app.xcodeproj">
            </BuildableReference>
         </TestableReference>
         <TestableReference
            skipped = "NO"
            parallelizable = "YES">
            <BuildableReference
               BuildableIdentifier = "primary"
               BlueprintIdentifier = "6A3B4C952A5D8EC20078BB09"
               BuildableName = "RegressionUITests.xctest"
               BlueprintName = "RegressionUITests"
               ReferencedContainer = "container:axe-devtools-ios-sample-app.xcodeproj">
            </BuildableReference>
         </TestableReference>
      </Testables>
   </TestAction>
   <LaunchAction
      buildConfiguration = "Debug"
      selectedDebuggerIdentifier = "Xcode.DebuggerFoundation.Debugger.LLDB"
      selectedLauncherIdentifier = "Xcode.DebuggerFoundation.Launcher.LLDB"
      launchStyle = "0"
      useCustomWorkingDirectory = "NO"
      ignoresPersistentStateOnLaunch = "NO"
      debugDocumentVersioning = "YES"
      debugServiceExtension = "internal"
      allowLocationSimulation = "YES">
      <BuildableProductRunnable
         runnableDebuggingMode = "0">
         <BuildableReference
            BuildableIdentifier = "primary"
            BlueprintIdentifier = "F3F31D8A27DFD32500D87988"
            BuildableName = "axe-devtools-ios-sample-app.app"
            BlueprintName = "axe-devtools-ios-sample-app"
            ReferencedContainer = "container:axe-devtools-ios-sample-app.xcodeproj">
         </BuildableReference>
      </BuildableProductRunnable>
   </LaunchAction>
   <ProfileAction
      buildConfiguration = "Debug"
      shouldUseLaunchSchemeArgsEnv = "YES"
      savedToolIdentifier = ""
      useCustomWorkingDirectory = "NO"
      debugDocumentVersioning = "YES">
      <BuildableProductRunnable
         runnableDebuggingMode = "0">
         <BuildableReference
            BuildableIdentifier = "primary"
            BlueprintIdentifier = "F3F31D8A27DFD32500D87988"
            BuildableName = "axe-devtools-ios-sample-app.app"
            BlueprintName = "axe-devtools-ios-sample-app"
            ReferencedContainer = "container:axe-devtools-ios-sample-app.xcodeproj">
         </BuildableReference>
      </BuildableProductRunnable>
   </ProfileAction>
   <AnalyzeAction
      buildConfiguration = "Debug">
   </AnalyzeAction>
   <ArchiveAction
      buildConfiguration = "Release"
      revealArchiveInOrganizer = "YES">
   </ArchiveAction>
</Scheme>
