{
  "pins" : [
    {
      "identity" : "axe-devtools-ios",
      "kind" : "remoteSourceControl",
      "location" : "https://github.com/dequelabs/axe-devtools-ios",
      "state" : {
        "branch" : "update-for-newest-release",
        "revision" : "7db0f08487f71bc8b622c8b4d53367af7f252df8"
      }
    }
  ],
  "version" : 2
}
