{
  "pins" : [
    {
      "identity" : "axe-devtools-ios",
      "kind" : "remoteSourceControl",
      "location" : "https://github.com/dequelabs/axe-devtools-ios",
      "state" : {
        "branch" : "main",
        "revision" : "4eb67d3d277996f48d0c557aeec21989da29d43a"
      }
    }
  ],
  "version" : 2
}
