{
  "originHash" : "aad20ede0ff8bee2e8e5bea9c5a81fc9e333fc6c5c8985ba1dced29c0ade7ecb",
  "pins" : [
    {
      "identity" : "axe-devtools-ios",
      "kind" : "remoteSourceControl",
      "location" : "https://github.com/dequelabs/axe-devtools-ios",
      "state" : {
        "branch" : "main",
        "revision" : "1adfee284c04ebe9219db8a21c2ac56178223bcd"
      }
    }
  ],
  "version" : 3
}
