// !$*UTF8*$!
{
	archiveVersion = 1;
	classes = {
	};
	objectVersion = 55;
	objects = {

/* Begin PBXBuildFile section */
		F3EFAC2D27E10A58004A87C9 /* SearchBarView.swift in Sources */ = {isa = PBXBuildFile; fileRef = F3EFAC2C27E10A58004A87C9 /* SearchBarView.swift */; };
		F3EFAC2F27E13185004A87C9 /* ItemDataSource.swift in Sources */ = {isa = PBXBuildFile; fileRef = F3EFAC2E27E13185004A87C9 /* ItemDataSource.swift */; };
		F3EFAC3327E13302004A87C9 /* CollectionsViewModel.swift in Sources */ = {isa = PBXBuildFile; fileRef = F3EFAC3227E13302004A87C9 /* CollectionsViewModel.swift */; };
		F3EFAC3527E1331B004A87C9 /* MostPopularItemsViewModel.swift in Sources */ = {isa = PBXBuildFile; fileRef = F3EFAC3427E1331B004A87C9 /* MostPopularItemsViewModel.swift */; };
		F3EFAC3727E13322004A87C9 /* RecommendedItemsViewModel.swift in Sources */ = {isa = PBXBuildFile; fileRef = F3EFAC3627E13322004A87C9 /* RecommendedItemsViewModel.swift */; };
		F3EFAC3927E13353004A87C9 /* CollectionsView.swift in Sources */ = {isa = PBXBuildFile; fileRef = F3EFAC3827E13353004A87C9 /* CollectionsView.swift */; };
		F3EFAC3B27E1339C004A87C9 /* RecommendedItemsView.swift in Sources */ = {isa = PBXBuildFile; fileRef = F3EFAC3A27E1339C004A87C9 /* RecommendedItemsView.swift */; };
		F3EFAC3D27E133C1004A87C9 /* CollectionsDataSource.swift in Sources */ = {isa = PBXBuildFile; fileRef = F3EFAC3C27E133C1004A87C9 /* CollectionsDataSource.swift */; };
		F3EFAC4227E13C0B004A87C9 /* ItemTileView.swift in Sources */ = {isa = PBXBuildFile; fileRef = F3EFAC4127E13C0B004A87C9 /* ItemTileView.swift */; };
		F3EFAC4427E13C6C004A87C9 /* ItemViewModel.swift in Sources */ = {isa = PBXBuildFile; fileRef = F3EFAC4327E13C6C004A87C9 /* ItemViewModel.swift */; };
		F3F31D8F27DFD32500D87988 /* AppDelegate.swift in Sources */ = {isa = PBXBuildFile; fileRef = F3F31D8E27DFD32500D87988 /* AppDelegate.swift */; };
		F3F31D9127DFD32500D87988 /* SceneDelegate.swift in Sources */ = {isa = PBXBuildFile; fileRef = F3F31D9027DFD32500D87988 /* SceneDelegate.swift */; };
		F3F31D9827DFD32500D87988 /* Icons.xcassets in Resources */ = {isa = PBXBuildFile; fileRef = F3F31D9727DFD32500D87988 /* Icons.xcassets */; };
		F3F31D9B27DFD32500D87988 /* LaunchScreen.storyboard in Resources */ = {isa = PBXBuildFile; fileRef = F3F31D9927DFD32500D87988 /* LaunchScreen.storyboard */; };
		F3F31DA627DFD32500D87988 /* axe_devtools_ios_sample_appTests.swift in Sources */ = {isa = PBXBuildFile; fileRef = F3F31DA527DFD32500D87988 /* axe_devtools_ios_sample_appTests.swift */; };
		F3F31DB027DFD32500D87988 /* axe_devtools_ios_sample_appUITests.swift in Sources */ = {isa = PBXBuildFile; fileRef = F3F31DAF27DFD32500D87988 /* axe_devtools_ios_sample_appUITests.swift */; };
		F3F31DB227DFD32500D87988 /* axe_devtools_ios_sample_appUITestsLaunchTests.swift in Sources */ = {isa = PBXBuildFile; fileRef = F3F31DB127DFD32500D87988 /* axe_devtools_ios_sample_appUITestsLaunchTests.swift */; };
		F3F31DBF27DFD55300D87988 /* HomeViewController.swift in Sources */ = {isa = PBXBuildFile; fileRef = F3F31DBE27DFD55300D87988 /* HomeViewController.swift */; };
		F3F31DC127DFD56C00D87988 /* HomeViewModel.swift in Sources */ = {isa = PBXBuildFile; fileRef = F3F31DC027DFD56C00D87988 /* HomeViewModel.swift */; };
		F3F31DC327DFD5AC00D87988 /* HomeView.swift in Sources */ = {isa = PBXBuildFile; fileRef = F3F31DC227DFD5AC00D87988 /* HomeView.swift */; };
		F3F31DC527DFD88000D87988 /* Images.xcassets in Resources */ = {isa = PBXBuildFile; fileRef = F3F31DC427DFD88000D87988 /* Images.xcassets */; };
		F3F31DC727DFD9F000D87988 /* CollectionsModel.swift in Sources */ = {isa = PBXBuildFile; fileRef = F3F31DC627DFD9F000D87988 /* CollectionsModel.swift */; };
		F3F31DC927DFD9FF00D87988 /* MostPopularModel.swift in Sources */ = {isa = PBXBuildFile; fileRef = F3F31DC827DFD9FF00D87988 /* MostPopularModel.swift */; };
		F3F31DCB27DFDA0E00D87988 /* RecommendedItemsModel.swift in Sources */ = {isa = PBXBuildFile; fileRef = F3F31DCA27DFDA0E00D87988 /* RecommendedItemsModel.swift */; };
		F3F31DCD27DFDA8300D87988 /* HomeScreenModel.swift in Sources */ = {isa = PBXBuildFile; fileRef = F3F31DCC27DFDA8300D87988 /* HomeScreenModel.swift */; };
		F3F31DCF27DFDB2C00D87988 /* HeaderView.swift in Sources */ = {isa = PBXBuildFile; fileRef = F3F31DCE27DFDB2C00D87988 /* HeaderView.swift */; };
		F3F31DD127DFDB5100D87988 /* MostPopularItemsVIew.swift in Sources */ = {isa = PBXBuildFile; fileRef = F3F31DD027DFDB5100D87988 /* MostPopularItemsVIew.swift */; };
		F3F31DD627DFDC3800D87988 /* ItemModel.swift in Sources */ = {isa = PBXBuildFile; fileRef = F3F31DD527DFDC3800D87988 /* ItemModel.swift */; };
		F3F31DD827DFDE7600D87988 /* HeaderModel.swift in Sources */ = {isa = PBXBuildFile; fileRef = F3F31DD727DFDE7600D87988 /* HeaderModel.swift */; };
		F3F31DDA27DFDECF00D87988 /* HeaderViewModel.swift in Sources */ = {isa = PBXBuildFile; fileRef = F3F31DD927DFDECF00D87988 /* HeaderViewModel.swift */; };
		F3F31DDC27E0E4A900D87988 /* MainTabBarViewController.swift in Sources */ = {isa = PBXBuildFile; fileRef = F3F31DDB27E0E4A900D87988 /* MainTabBarViewController.swift */; };
/* End PBXBuildFile section */

/* Begin PBXContainerItemProxy section */
		F3F31DA227DFD32500D87988 /* PBXContainerItemProxy */ = {
			isa = PBXContainerItemProxy;
			containerPortal = F3F31D8327DFD32500D87988 /* Project object */;
			proxyType = 1;
			remoteGlobalIDString = F3F31D8A27DFD32500D87988;
			remoteInfo = "axe-devtools-ios-sample-app";
		};
		F3F31DAC27DFD32500D87988 /* PBXContainerItemProxy */ = {
			isa = PBXContainerItemProxy;
			containerPortal = F3F31D8327DFD32500D87988 /* Project object */;
			proxyType = 1;
			remoteGlobalIDString = F3F31D8A27DFD32500D87988;
			remoteInfo = "axe-devtools-ios-sample-app";
		};
/* End PBXContainerItemProxy section */

/* Begin PBXFileReference section */
		F3EFAC2C27E10A58004A87C9 /* SearchBarView.swift */ = {isa = PBXFileReference; lastKnownFileType = sourcecode.swift; path = SearchBarView.swift; sourceTree = "<group>"; };
		F3EFAC2E27E13185004A87C9 /* ItemDataSource.swift */ = {isa = PBXFileReference; lastKnownFileType = sourcecode.swift; path = ItemDataSource.swift; sourceTree = "<group>"; };
		F3EFAC3227E13302004A87C9 /* CollectionsViewModel.swift */ = {isa = PBXFileReference; lastKnownFileType = sourcecode.swift; path = CollectionsViewModel.swift; sourceTree = "<group>"; };
		F3EFAC3427E1331B004A87C9 /* MostPopularItemsViewModel.swift */ = {isa = PBXFileReference; lastKnownFileType = sourcecode.swift; path = MostPopularItemsViewModel.swift; sourceTree = "<group>"; };
		F3EFAC3627E13322004A87C9 /* RecommendedItemsViewModel.swift */ = {isa = PBXFileReference; lastKnownFileType = sourcecode.swift; path = RecommendedItemsViewModel.swift; sourceTree = "<group>"; };
		F3EFAC3827E13353004A87C9 /* CollectionsView.swift */ = {isa = PBXFileReference; lastKnownFileType = sourcecode.swift; path = CollectionsView.swift; sourceTree = "<group>"; };
		F3EFAC3A27E1339C004A87C9 /* RecommendedItemsView.swift */ = {isa = PBXFileReference; lastKnownFileType = sourcecode.swift; path = RecommendedItemsView.swift; sourceTree = "<group>"; };
		F3EFAC3C27E133C1004A87C9 /* CollectionsDataSource.swift */ = {isa = PBXFileReference; lastKnownFileType = sourcecode.swift; path = CollectionsDataSource.swift; sourceTree = "<group>"; };
		F3EFAC4127E13C0B004A87C9 /* ItemTileView.swift */ = {isa = PBXFileReference; lastKnownFileType = sourcecode.swift; path = ItemTileView.swift; sourceTree = "<group>"; };
		F3EFAC4327E13C6C004A87C9 /* ItemViewModel.swift */ = {isa = PBXFileReference; lastKnownFileType = sourcecode.swift; path = ItemViewModel.swift; sourceTree = "<group>"; };
		F3F31D8B27DFD32500D87988 /* axe-devtools-ios-sample-app.app */ = {isa = PBXFileReference; explicitFileType = wrapper.application; includeInIndex = 0; path = "axe-devtools-ios-sample-app.app"; sourceTree = BUILT_PRODUCTS_DIR; };
		F3F31D8E27DFD32500D87988 /* AppDelegate.swift */ = {isa = PBXFileReference; lastKnownFileType = sourcecode.swift; path = AppDelegate.swift; sourceTree = "<group>"; };
		F3F31D9027DFD32500D87988 /* SceneDelegate.swift */ = {isa = PBXFileReference; lastKnownFileType = sourcecode.swift; path = SceneDelegate.swift; sourceTree = "<group>"; };
		F3F31D9727DFD32500D87988 /* Icons.xcassets */ = {isa = PBXFileReference; lastKnownFileType = folder.assetcatalog; path = Icons.xcassets; sourceTree = "<group>"; };
		F3F31D9A27DFD32500D87988 /* Base */ = {isa = PBXFileReference; lastKnownFileType = file.storyboard; name = Base; path = Base.lproj/LaunchScreen.storyboard; sourceTree = "<group>"; };
		F3F31D9C27DFD32500D87988 /* Info.plist */ = {isa = PBXFileReference; lastKnownFileType = text.plist.xml; path = Info.plist; sourceTree = "<group>"; };
		F3F31DA127DFD32500D87988 /* axe-devtools-ios-sample-appTests.xctest */ = {isa = PBXFileReference; explicitFileType = wrapper.cfbundle; includeInIndex = 0; path = "axe-devtools-ios-sample-appTests.xctest"; sourceTree = BUILT_PRODUCTS_DIR; };
		F3F31DA527DFD32500D87988 /* axe_devtools_ios_sample_appTests.swift */ = {isa = PBXFileReference; lastKnownFileType = sourcecode.swift; path = axe_devtools_ios_sample_appTests.swift; sourceTree = "<group>"; };
		F3F31DAB27DFD32500D87988 /* axe-devtools-ios-sample-appUITests.xctest */ = {isa = PBXFileReference; explicitFileType = wrapper.cfbundle; includeInIndex = 0; path = "axe-devtools-ios-sample-appUITests.xctest"; sourceTree = BUILT_PRODUCTS_DIR; };
		F3F31DAF27DFD32500D87988 /* axe_devtools_ios_sample_appUITests.swift */ = {isa = PBXFileReference; lastKnownFileType = sourcecode.swift; path = axe_devtools_ios_sample_appUITests.swift; sourceTree = "<group>"; };
		F3F31DB127DFD32500D87988 /* axe_devtools_ios_sample_appUITestsLaunchTests.swift */ = {isa = PBXFileReference; lastKnownFileType = sourcecode.swift; path = axe_devtools_ios_sample_appUITestsLaunchTests.swift; sourceTree = "<group>"; };
		F3F31DBE27DFD55300D87988 /* HomeViewController.swift */ = {isa = PBXFileReference; lastKnownFileType = sourcecode.swift; path = HomeViewController.swift; sourceTree = "<group>"; };
		F3F31DC027DFD56C00D87988 /* HomeViewModel.swift */ = {isa = PBXFileReference; lastKnownFileType = sourcecode.swift; path = HomeViewModel.swift; sourceTree = "<group>"; };
		F3F31DC227DFD5AC00D87988 /* HomeView.swift */ = {isa = PBXFileReference; lastKnownFileType = sourcecode.swift; path = HomeView.swift; sourceTree = "<group>"; };
		F3F31DC427DFD88000D87988 /* Images.xcassets */ = {isa = PBXFileReference; lastKnownFileType = folder.assetcatalog; path = Images.xcassets; sourceTree = "<group>"; };
		F3F31DC627DFD9F000D87988 /* CollectionsModel.swift */ = {isa = PBXFileReference; lastKnownFileType = sourcecode.swift; path = CollectionsModel.swift; sourceTree = "<group>"; };
		F3F31DC827DFD9FF00D87988 /* MostPopularModel.swift */ = {isa = PBXFileReference; lastKnownFileType = sourcecode.swift; path = MostPopularModel.swift; sourceTree = "<group>"; };
		F3F31DCA27DFDA0E00D87988 /* RecommendedItemsModel.swift */ = {isa = PBXFileReference; lastKnownFileType = sourcecode.swift; path = RecommendedItemsModel.swift; sourceTree = "<group>"; };
		F3F31DCC27DFDA8300D87988 /* HomeScreenModel.swift */ = {isa = PBXFileReference; lastKnownFileType = sourcecode.swift; path = HomeScreenModel.swift; sourceTree = "<group>"; };
		F3F31DCE27DFDB2C00D87988 /* HeaderView.swift */ = {isa = PBXFileReference; lastKnownFileType = sourcecode.swift; path = HeaderView.swift; sourceTree = "<group>"; };
		F3F31DD027DFDB5100D87988 /* MostPopularItemsVIew.swift */ = {isa = PBXFileReference; lastKnownFileType = sourcecode.swift; path = MostPopularItemsVIew.swift; sourceTree = "<group>"; };
		F3F31DD527DFDC3800D87988 /* ItemModel.swift */ = {isa = PBXFileReference; lastKnownFileType = sourcecode.swift; path = ItemModel.swift; sourceTree = "<group>"; };
		F3F31DD727DFDE7600D87988 /* HeaderModel.swift */ = {isa = PBXFileReference; lastKnownFileType = sourcecode.swift; path = HeaderModel.swift; sourceTree = "<group>"; };
		F3F31DD927DFDECF00D87988 /* HeaderViewModel.swift */ = {isa = PBXFileReference; lastKnownFileType = sourcecode.swift; path = HeaderViewModel.swift; sourceTree = "<group>"; };
		F3F31DDB27E0E4A900D87988 /* MainTabBarViewController.swift */ = {isa = PBXFileReference; lastKnownFileType = sourcecode.swift; path = MainTabBarViewController.swift; sourceTree = "<group>"; };
/* End PBXFileReference section */

/* Begin PBXFrameworksBuildPhase section */
		F3F31D8827DFD32500D87988 /* Frameworks */ = {
			isa = PBXFrameworksBuildPhase;
			buildActionMask = 2147483647;
			files = (
			);
			runOnlyForDeploymentPostprocessing = 0;
		};
		F3F31D9E27DFD32500D87988 /* Frameworks */ = {
			isa = PBXFrameworksBuildPhase;
			buildActionMask = 2147483647;
			files = (
			);
			runOnlyForDeploymentPostprocessing = 0;
		};
		F3F31DA827DFD32500D87988 /* Frameworks */ = {
			isa = PBXFrameworksBuildPhase;
			buildActionMask = 2147483647;
			files = (
			);
			runOnlyForDeploymentPostprocessing = 0;
		};
/* End PBXFrameworksBuildPhase section */

/* Begin PBXGroup section */
		F3EFAC3127E132C2004A87C9 /* Data */ = {
			isa = PBXGroup;
			children = (
				F3EFAC2E27E13185004A87C9 /* ItemDataSource.swift */,
				F3EFAC3C27E133C1004A87C9 /* CollectionsDataSource.swift */,
				F3F31DD427DFDBAD00D87988 /* Models */,
			);
			path = Data;
			sourceTree = "<group>";
		};
		F3EFAC4027E1394D004A87C9 /* Home */ = {
			isa = PBXGroup;
			children = (
				F3F31DBE27DFD55300D87988 /* HomeViewController.swift */,
			);
			path = Home;
			sourceTree = "<group>";
		};
		F3F31D8227DFD32500D87988 = {
			isa = PBXGroup;
			children = (
				F3F31D8D27DFD32500D87988 /* axe-devtools-ios-sample-app */,
				F3F31DA427DFD32500D87988 /* axe-devtools-ios-sample-appTests */,
				F3F31DAE27DFD32500D87988 /* axe-devtools-ios-sample-appUITests */,
				F3F31D8C27DFD32500D87988 /* Products */,
			);
			sourceTree = "<group>";
		};
		F3F31D8C27DFD32500D87988 /* Products */ = {
			isa = PBXGroup;
			children = (
				F3F31D8B27DFD32500D87988 /* axe-devtools-ios-sample-app.app */,
				F3F31DA127DFD32500D87988 /* axe-devtools-ios-sample-appTests.xctest */,
				F3F31DAB27DFD32500D87988 /* axe-devtools-ios-sample-appUITests.xctest */,
			);
			name = Products;
			sourceTree = "<group>";
		};
		F3F31D8D27DFD32500D87988 /* axe-devtools-ios-sample-app */ = {
			isa = PBXGroup;
			children = (
				F3F31D8E27DFD32500D87988 /* AppDelegate.swift */,
				F3F31D9027DFD32500D87988 /* SceneDelegate.swift */,
				F3F31DDB27E0E4A900D87988 /* MainTabBarViewController.swift */,
				F3EFAC4027E1394D004A87C9 /* Home */,
				F3EFAC3127E132C2004A87C9 /* Data */,
				F3F31DD327DFDB8900D87988 /* ViewModels */,
				F3F31DD227DFDB7A00D87988 /* Views */,
				F3F31D9727DFD32500D87988 /* Icons.xcassets */,
				F3F31DC427DFD88000D87988 /* Images.xcassets */,
				F3F31D9927DFD32500D87988 /* LaunchScreen.storyboard */,
				F3F31D9C27DFD32500D87988 /* Info.plist */,
			);
			path = "axe-devtools-ios-sample-app";
			sourceTree = "<group>";
		};
		F3F31DA427DFD32500D87988 /* axe-devtools-ios-sample-appTests */ = {
			isa = PBXGroup;
			children = (
				F3F31DA527DFD32500D87988 /* axe_devtools_ios_sample_appTests.swift */,
			);
			path = "axe-devtools-ios-sample-appTests";
			sourceTree = "<group>";
		};
		F3F31DAE27DFD32500D87988 /* axe-devtools-ios-sample-appUITests */ = {
			isa = PBXGroup;
			children = (
				F3F31DAF27DFD32500D87988 /* axe_devtools_ios_sample_appUITests.swift */,
				F3F31DB127DFD32500D87988 /* axe_devtools_ios_sample_appUITestsLaunchTests.swift */,
			);
			path = "axe-devtools-ios-sample-appUITests";
			sourceTree = "<group>";
		};
		F3F31DD227DFDB7A00D87988 /* Views */ = {
			isa = PBXGroup;
			children = (
				F3EFAC2C27E10A58004A87C9 /* SearchBarView.swift */,
				F3F31DC227DFD5AC00D87988 /* HomeView.swift */,
				F3F31DCE27DFDB2C00D87988 /* HeaderView.swift */,
				F3EFAC3827E13353004A87C9 /* CollectionsView.swift */,
				F3F31DD027DFDB5100D87988 /* MostPopularItemsVIew.swift */,
				F3EFAC3A27E1339C004A87C9 /* RecommendedItemsView.swift */,
				F3EFAC4127E13C0B004A87C9 /* ItemTileView.swift */,
			);
			path = Views;
			sourceTree = "<group>";
		};
		F3F31DD327DFDB8900D87988 /* ViewModels */ = {
			isa = PBXGroup;
			children = (
				F3F31DC027DFD56C00D87988 /* HomeViewModel.swift */,
				F3F31DD927DFDECF00D87988 /* HeaderViewModel.swift */,
				F3EFAC3227E13302004A87C9 /* CollectionsViewModel.swift */,
				F3EFAC3427E1331B004A87C9 /* MostPopularItemsViewModel.swift */,
				F3EFAC4327E13C6C004A87C9 /* ItemViewModel.swift */,
				F3EFAC3627E13322004A87C9 /* RecommendedItemsViewModel.swift */,
			);
			path = ViewModels;
			sourceTree = "<group>";
		};
		F3F31DD427DFDBAD00D87988 /* Models */ = {
			isa = PBXGroup;
			children = (
				F3F31DD527DFDC3800D87988 /* ItemModel.swift */,
				F3F31DCC27DFDA8300D87988 /* HomeScreenModel.swift */,
				F3F31DD727DFDE7600D87988 /* HeaderModel.swift */,
				F3F31DC827DFD9FF00D87988 /* MostPopularModel.swift */,
				F3F31DC627DFD9F000D87988 /* CollectionsModel.swift */,
				F3F31DCA27DFDA0E00D87988 /* RecommendedItemsModel.swift */,
			);
			path = Models;
			sourceTree = "<group>";
		};
/* End PBXGroup section */

/* Begin PBXNativeTarget section */
		F3F31D8A27DFD32500D87988 /* axe-devtools-ios-sample-app */ = {
			isa = PBXNativeTarget;
			buildConfigurationList = F3F31DB527DFD32500D87988 /* Build configuration list for PBXNativeTarget "axe-devtools-ios-sample-app" */;
			buildPhases = (
				F3F31D8727DFD32500D87988 /* Sources */,
				F3F31D8827DFD32500D87988 /* Frameworks */,
				F3F31D8927DFD32500D87988 /* Resources */,
			);
			buildRules = (
			);
			dependencies = (
			);
			name = "axe-devtools-ios-sample-app";
			productName = "axe-devtools-ios-sample-app";
			productReference = F3F31D8B27DFD32500D87988 /* axe-devtools-ios-sample-app.app */;
			productType = "com.apple.product-type.application";
		};
		F3F31DA027DFD32500D87988 /* axe-devtools-ios-sample-appTests */ = {
			isa = PBXNativeTarget;
			buildConfigurationList = F3F31DB827DFD32500D87988 /* Build configuration list for PBXNativeTarget "axe-devtools-ios-sample-appTests" */;
			buildPhases = (
				F3F31D9D27DFD32500D87988 /* Sources */,
				F3F31D9E27DFD32500D87988 /* Frameworks */,
				F3F31D9F27DFD32500D87988 /* Resources */,
			);
			buildRules = (
			);
			dependencies = (
				F3F31DA327DFD32500D87988 /* PBXTargetDependency */,
			);
			name = "axe-devtools-ios-sample-appTests";
			productName = "axe-devtools-ios-sample-appTests";
			productReference = F3F31DA127DFD32500D87988 /* axe-devtools-ios-sample-appTests.xctest */;
			productType = "com.apple.product-type.bundle.unit-test";
		};
		F3F31DAA27DFD32500D87988 /* axe-devtools-ios-sample-appUITests */ = {
			isa = PBXNativeTarget;
			buildConfigurationList = F3F31DBB27DFD32500D87988 /* Build configuration list for PBXNativeTarget "axe-devtools-ios-sample-appUITests" */;
			buildPhases = (
				F3F31DA727DFD32500D87988 /* Sources */,
				F3F31DA827DFD32500D87988 /* Frameworks */,
				F3F31DA927DFD32500D87988 /* Resources */,
			);
			buildRules = (
			);
			dependencies = (
				F3F31DAD27DFD32500D87988 /* PBXTargetDependency */,
			);
			name = "axe-devtools-ios-sample-appUITests";
			productName = "axe-devtools-ios-sample-appUITests";
			productReference = F3F31DAB27DFD32500D87988 /* axe-devtools-ios-sample-appUITests.xctest */;
			productType = "com.apple.product-type.bundle.ui-testing";
		};
/* End PBXNativeTarget section */

/* Begin PBXProject section */
		F3F31D8327DFD32500D87988 /* Project object */ = {
			isa = PBXProject;
			attributes = {
				BuildIndependentTargetsInParallel = 1;
				LastSwiftUpdateCheck = 1320;
				LastUpgradeCheck = 1320;
				TargetAttributes = {
					F3F31D8A27DFD32500D87988 = {
						CreatedOnToolsVersion = 13.2.1;
					};
					F3F31DA027DFD32500D87988 = {
						CreatedOnToolsVersion = 13.2.1;
						TestTargetID = F3F31D8A27DFD32500D87988;
					};
					F3F31DAA27DFD32500D87988 = {
						CreatedOnToolsVersion = 13.2.1;
						TestTargetID = F3F31D8A27DFD32500D87988;
					};
				};
			};
			buildConfigurationList = F3F31D8627DFD32500D87988 /* Build configuration list for PBXProject "axe-devtools-ios-sample-app" */;
			compatibilityVersion = "Xcode 13.0";
			developmentRegion = en;
			hasScannedForEncodings = 0;
			knownRegions = (
				en,
				Base,
			);
			mainGroup = F3F31D8227DFD32500D87988;
			productRefGroup = F3F31D8C27DFD32500D87988 /* Products */;
			projectDirPath = "";
			projectRoot = "";
			targets = (
				F3F31D8A27DFD32500D87988 /* axe-devtools-ios-sample-app */,
				F3F31DA027DFD32500D87988 /* axe-devtools-ios-sample-appTests */,
				F3F31DAA27DFD32500D87988 /* axe-devtools-ios-sample-appUITests */,
			);
		};
/* End PBXProject section */

/* Begin PBXResourcesBuildPhase section */
		F3F31D8927DFD32500D87988 /* Resources */ = {
			isa = PBXResourcesBuildPhase;
			buildActionMask = 2147483647;
			files = (
				F3F31DC527DFD88000D87988 /* Images.xcassets in Resources */,
				F3F31D9B27DFD32500D87988 /* LaunchScreen.storyboard in Resources */,
				F3F31D9827DFD32500D87988 /* Icons.xcassets in Resources */,
			);
			runOnlyForDeploymentPostprocessing = 0;
		};
		F3F31D9F27DFD32500D87988 /* Resources */ = {
			isa = PBXResourcesBuildPhase;
			buildActionMask = 2147483647;
			files = (
			);
			runOnlyForDeploymentPostprocessing = 0;
		};
		F3F31DA927DFD32500D87988 /* Resources */ = {
			isa = PBXResourcesBuildPhase;
			buildActionMask = 2147483647;
			files = (
			);
			runOnlyForDeploymentPostprocessing = 0;
		};
/* End PBXResourcesBuildPhase section */

/* Begin PBXSourcesBuildPhase section */
		F3F31D8727DFD32500D87988 /* Sources */ = {
			isa = PBXSourcesBuildPhase;
			buildActionMask = 2147483647;
			files = (
				F3F31DDC27E0E4A900D87988 /* MainTabBarViewController.swift in Sources */,
				F3F31DCD27DFDA8300D87988 /* HomeScreenModel.swift in Sources */,
				F3F31DC927DFD9FF00D87988 /* MostPopularModel.swift in Sources */,
				F3F31DCB27DFDA0E00D87988 /* RecommendedItemsModel.swift in Sources */,
				F3EFAC2D27E10A58004A87C9 /* SearchBarView.swift in Sources */,
				F3EFAC3B27E1339C004A87C9 /* RecommendedItemsView.swift in Sources */,
				F3F31DD127DFDB5100D87988 /* MostPopularItemsVIew.swift in Sources */,
				F3F31D8F27DFD32500D87988 /* AppDelegate.swift in Sources */,
				F3F31D9127DFD32500D87988 /* SceneDelegate.swift in Sources */,
				F3EFAC3927E13353004A87C9 /* CollectionsView.swift in Sources */,
				F3F31DD627DFDC3800D87988 /* ItemModel.swift in Sources */,
				F3EFAC3D27E133C1004A87C9 /* CollectionsDataSource.swift in Sources */,
				F3F31DD827DFDE7600D87988 /* HeaderModel.swift in Sources */,
				F3EFAC4227E13C0B004A87C9 /* ItemTileView.swift in Sources */,
				F3EFAC2F27E13185004A87C9 /* ItemDataSource.swift in Sources */,
				F3F31DC327DFD5AC00D87988 /* HomeView.swift in Sources */,
				F3EFAC3327E13302004A87C9 /* CollectionsViewModel.swift in Sources */,
				F3EFAC3527E1331B004A87C9 /* MostPopularItemsViewModel.swift in Sources */,
				F3F31DCF27DFDB2C00D87988 /* HeaderView.swift in Sources */,
				F3EFAC3727E13322004A87C9 /* RecommendedItemsViewModel.swift in Sources */,
				F3F31DC127DFD56C00D87988 /* HomeViewModel.swift in Sources */,
				F3F31DDA27DFDECF00D87988 /* HeaderViewModel.swift in Sources */,
				F3F31DC727DFD9F000D87988 /* CollectionsModel.swift in Sources */,
				F3EFAC4427E13C6C004A87C9 /* ItemViewModel.swift in Sources */,
				F3F31DBF27DFD55300D87988 /* HomeViewController.swift in Sources */,
			);
			runOnlyForDeploymentPostprocessing = 0;
		};
		F3F31D9D27DFD32500D87988 /* Sources */ = {
			isa = PBXSourcesBuildPhase;
			buildActionMask = 2147483647;
			files = (
				F3F31DA627DFD32500D87988 /* axe_devtools_ios_sample_appTests.swift in Sources */,
			);
			runOnlyForDeploymentPostprocessing = 0;
		};
		F3F31DA727DFD32500D87988 /* Sources */ = {
			isa = PBXSourcesBuildPhase;
			buildActionMask = 2147483647;
			files = (
				F3F31DB027DFD32500D87988 /* axe_devtools_ios_sample_appUITests.swift in Sources */,
				F3F31DB227DFD32500D87988 /* axe_devtools_ios_sample_appUITestsLaunchTests.swift in Sources */,
			);
			runOnlyForDeploymentPostprocessing = 0;
		};
/* End PBXSourcesBuildPhase section */

/* Begin PBXTargetDependency section */
		F3F31DA327DFD32500D87988 /* PBXTargetDependency */ = {
			isa = PBXTargetDependency;
			target = F3F31D8A27DFD32500D87988 /* axe-devtools-ios-sample-app */;
			targetProxy = F3F31DA227DFD32500D87988 /* PBXContainerItemProxy */;
		};
		F3F31DAD27DFD32500D87988 /* PBXTargetDependency */ = {
			isa = PBXTargetDependency;
			target = F3F31D8A27DFD32500D87988 /* axe-devtools-ios-sample-app */;
			targetProxy = F3F31DAC27DFD32500D87988 /* PBXContainerItemProxy */;
		};
/* End PBXTargetDependency section */

/* Begin PBXVariantGroup section */
		F3F31D9927DFD32500D87988 /* LaunchScreen.storyboard */ = {
			isa = PBXVariantGroup;
			children = (
				F3F31D9A27DFD32500D87988 /* Base */,
			);
			name = LaunchScreen.storyboard;
			sourceTree = "<group>";
		};
/* End PBXVariantGroup section */

/* Begin XCBuildConfiguration section */
		F3F31DB327DFD32500D87988 /* Debug */ = {
			isa = XCBuildConfiguration;
			buildSettings = {
				ALWAYS_SEARCH_USER_PATHS = NO;
				CLANG_ANALYZER_NONNULL = YES;
				CLANG_ANALYZER_NUMBER_OBJECT_CONVERSION = YES_AGGRESSIVE;
				CLANG_CXX_LANGUAGE_STANDARD = "gnu++17";
				CLANG_CXX_LIBRARY = "libc++";
				CLANG_ENABLE_MODULES = YES;
				CLANG_ENABLE_OBJC_ARC = YES;
				CLANG_ENABLE_OBJC_WEAK = YES;
				CLANG_WARN_BLOCK_CAPTURE_AUTORELEASING = YES;
				CLANG_WARN_BOOL_CONVERSION = YES;
				CLANG_WARN_COMMA = YES;
				CLANG_WARN_CONSTANT_CONVERSION = YES;
				CLANG_WARN_DEPRECATED_OBJC_IMPLEMENTATIONS = YES;
				CLANG_WARN_DIRECT_OBJC_ISA_USAGE = YES_ERROR;
				CLANG_WARN_DOCUMENTATION_COMMENTS = YES;
				CLANG_WARN_EMPTY_BODY = YES;
				CLANG_WARN_ENUM_CONVERSION = YES;
				CLANG_WARN_INFINITE_RECURSION = YES;
				CLANG_WARN_INT_CONVERSION = YES;
				CLANG_WARN_NON_LITERAL_NULL_CONVERSION = YES;
				CLANG_WARN_OBJC_IMPLICIT_RETAIN_SELF = YES;
				CLANG_WARN_OBJC_LITERAL_CONVERSION = YES;
				CLANG_WARN_OBJC_ROOT_CLASS = YES_ERROR;
				CLANG_WARN_QUOTED_INCLUDE_IN_FRAMEWORK_HEADER = YES;
				CLANG_WARN_RANGE_LOOP_ANALYSIS = YES;
				CLANG_WARN_STRICT_PROTOTYPES = YES;
				CLANG_WARN_SUSPICIOUS_MOVE = YES;
				CLANG_WARN_UNGUARDED_AVAILABILITY = YES_AGGRESSIVE;
				CLANG_WARN_UNREACHABLE_CODE = YES;
				CLANG_WARN__DUPLICATE_METHOD_MATCH = YES;
				COPY_PHASE_STRIP = NO;
				DEBUG_INFORMATION_FORMAT = dwarf;
				ENABLE_STRICT_OBJC_MSGSEND = YES;
				ENABLE_TESTABILITY = YES;
				GCC_C_LANGUAGE_STANDARD = gnu11;
				GCC_DYNAMIC_NO_PIC = NO;
				GCC_NO_COMMON_BLOCKS = YES;
				GCC_OPTIMIZATION_LEVEL = 0;
				GCC_PREPROCESSOR_DEFINITIONS = (
					"DEBUG=1",
					"$(inherited)",
				);
				GCC_WARN_64_TO_32_BIT_CONVERSION = YES;
				GCC_WARN_ABOUT_RETURN_TYPE = YES_ERROR;
				GCC_WARN_UNDECLARED_SELECTOR = YES;
				GCC_WARN_UNINITIALIZED_AUTOS = YES_AGGRESSIVE;
				GCC_WARN_UNUSED_FUNCTION = YES;
				GCC_WARN_UNUSED_VARIABLE = YES;
				IPHONEOS_DEPLOYMENT_TARGET = 15.2;
				MTL_ENABLE_DEBUG_INFO = INCLUDE_SOURCE;
				MTL_FAST_MATH = YES;
				ONLY_ACTIVE_ARCH = YES;
				SDKROOT = iphoneos;
				SWIFT_ACTIVE_COMPILATION_CONDITIONS = DEBUG;
				SWIFT_OPTIMIZATION_LEVEL = "-Onone";
			};
			name = Debug;
		};
		F3F31DB427DFD32500D87988 /* Release */ = {
			isa = XCBuildConfiguration;
			buildSettings = {
				ALWAYS_SEARCH_USER_PATHS = NO;
				CLANG_ANALYZER_NONNULL = YES;
				CLANG_ANALYZER_NUMBER_OBJECT_CONVERSION = YES_AGGRESSIVE;
				CLANG_CXX_LANGUAGE_STANDARD = "gnu++17";
				CLANG_CXX_LIBRARY = "libc++";
				CLANG_ENABLE_MODULES = YES;
				CLANG_ENABLE_OBJC_ARC = YES;
				CLANG_ENABLE_OBJC_WEAK = YES;
				CLANG_WARN_BLOCK_CAPTURE_AUTORELEASING = YES;
				CLANG_WARN_BOOL_CONVERSION = YES;
				CLANG_WARN_COMMA = YES;
				CLANG_WARN_CONSTANT_CONVERSION = YES;
				CLANG_WARN_DEPRECATED_OBJC_IMPLEMENTATIONS = YES;
				CLANG_WARN_DIRECT_OBJC_ISA_USAGE = YES_ERROR;
				CLANG_WARN_DOCUMENTATION_COMMENTS = YES;
				CLANG_WARN_EMPTY_BODY = YES;
				CLANG_WARN_ENUM_CONVERSION = YES;
				CLANG_WARN_INFINITE_RECURSION = YES;
				CLANG_WARN_INT_CONVERSION = YES;
				CLANG_WARN_NON_LITERAL_NULL_CONVERSION = YES;
				CLANG_WARN_OBJC_IMPLICIT_RETAIN_SELF = YES;
				CLANG_WARN_OBJC_LITERAL_CONVERSION = YES;
				CLANG_WARN_OBJC_ROOT_CLASS = YES_ERROR;
				CLANG_WARN_QUOTED_INCLUDE_IN_FRAMEWORK_HEADER = YES;
				CLANG_WARN_RANGE_LOOP_ANALYSIS = YES;
				CLANG_WARN_STRICT_PROTOTYPES = YES;
				CLANG_WARN_SUSPICIOUS_MOVE = YES;
				CLANG_WARN_UNGUARDED_AVAILABILITY = YES_AGGRESSIVE;
				CLANG_WARN_UNREACHABLE_CODE = YES;
				CLANG_WARN__DUPLICATE_METHOD_MATCH = YES;
				COPY_PHASE_STRIP = NO;
				DEBUG_INFORMATION_FORMAT = "dwarf-with-dsym";
				ENABLE_NS_ASSERTIONS = NO;
				ENABLE_STRICT_OBJC_MSGSEND = YES;
				GCC_C_LANGUAGE_STANDARD = gnu11;
				GCC_NO_COMMON_BLOCKS = YES;
				GCC_WARN_64_TO_32_BIT_CONVERSION = YES;
				GCC_WARN_ABOUT_RETURN_TYPE = YES_ERROR;
				GCC_WARN_UNDECLARED_SELECTOR = YES;
				GCC_WARN_UNINITIALIZED_AUTOS = YES_AGGRESSIVE;
				GCC_WARN_UNUSED_FUNCTION = YES;
				GCC_WARN_UNUSED_VARIABLE = YES;
				IPHONEOS_DEPLOYMENT_TARGET = 15.2;
				MTL_ENABLE_DEBUG_INFO = NO;
				MTL_FAST_MATH = YES;
				SDKROOT = iphoneos;
				SWIFT_COMPILATION_MODE = wholemodule;
				SWIFT_OPTIMIZATION_LEVEL = "-O";
				VALIDATE_PRODUCT = YES;
			};
			name = Release;
		};
		F3F31DB627DFD32500D87988 /* Debug */ = {
			isa = XCBuildConfiguration;
			buildSettings = {
				ASSETCATALOG_COMPILER_APPICON_NAME = AppIcon;
				ASSETCATALOG_COMPILER_GLOBAL_ACCENT_COLOR_NAME = AccentColor;
				CODE_SIGN_STYLE = Automatic;
				CURRENT_PROJECT_VERSION = 1;
				DEVELOPMENT_TEAM = 2ZZQGXN669;
				GENERATE_INFOPLIST_FILE = YES;
				INFOPLIST_FILE = "axe-devtools-ios-sample-app/Info.plist";
				INFOPLIST_KEY_UIApplicationSupportsIndirectInputEvents = YES;
				INFOPLIST_KEY_UILaunchStoryboardName = LaunchScreen;
				INFOPLIST_KEY_UISupportedInterfaceOrientations_iPad = "UIInterfaceOrientationPortrait UIInterfaceOrientationPortraitUpsideDown UIInterfaceOrientationLandscapeLeft UIInterfaceOrientationLandscapeRight";
				INFOPLIST_KEY_UISupportedInterfaceOrientations_iPhone = "UIInterfaceOrientationPortrait UIInterfaceOrientationLandscapeLeft UIInterfaceOrientationLandscapeRight";
				LD_RUNPATH_SEARCH_PATHS = (
					"$(inherited)",
					"@executable_path/Frameworks",
				);
				MARKETING_VERSION = 1.0;
				PRODUCT_BUNDLE_IDENTIFIER = "com.dequesystems.axe-devtools-ios-sample-app";
				PRODUCT_NAME = "$(TARGET_NAME)";
				SWIFT_EMIT_LOC_STRINGS = YES;
				SWIFT_VERSION = 5.0;
				TARGETED_DEVICE_FAMILY = "1,2";
			};
			name = Debug;
		};
		F3F31DB727DFD32500D87988 /* Release */ = {
			isa = XCBuildConfiguration;
			buildSettings = {
				ASSETCATALOG_COMPILER_APPICON_NAME = AppIcon;
				ASSETCATALOG_COMPILER_GLOBAL_ACCENT_COLOR_NAME = AccentColor;
				CODE_SIGN_STYLE = Automatic;
				CURRENT_PROJECT_VERSION = 1;
				DEVELOPMENT_TEAM = 2ZZQGXN669;
				GENERATE_INFOPLIST_FILE = YES;
				INFOPLIST_FILE = "axe-devtools-ios-sample-app/Info.plist";
				INFOPLIST_KEY_UIApplicationSupportsIndirectInputEvents = YES;
				INFOPLIST_KEY_UILaunchStoryboardName = LaunchScreen;
				INFOPLIST_KEY_UISupportedInterfaceOrientations_iPad = "UIInterfaceOrientationPortrait UIInterfaceOrientationPortraitUpsideDown UIInterfaceOrientationLandscapeLeft UIInterfaceOrientationLandscapeRight";
				INFOPLIST_KEY_UISupportedInterfaceOrientations_iPhone = "UIInterfaceOrientationPortrait UIInterfaceOrientationLandscapeLeft UIInterfaceOrientationLandscapeRight";
				LD_RUNPATH_SEARCH_PATHS = (
					"$(inherited)",
					"@executable_path/Frameworks",
				);
				MARKETING_VERSION = 1.0;
				PRODUCT_BUNDLE_IDENTIFIER = "com.dequesystems.axe-devtools-ios-sample-app";
				PRODUCT_NAME = "$(TARGET_NAME)";
				SWIFT_EMIT_LOC_STRINGS = YES;
				SWIFT_VERSION = 5.0;
				TARGETED_DEVICE_FAMILY = "1,2";
			};
			name = Release;
		};
		F3F31DB927DFD32500D87988 /* Debug */ = {
			isa = XCBuildConfiguration;
			buildSettings = {
				ALWAYS_EMBED_SWIFT_STANDARD_LIBRARIES = YES;
				BUNDLE_LOADER = "$(TEST_HOST)";
				CODE_SIGN_STYLE = Automatic;
				CURRENT_PROJECT_VERSION = 1;
				DEVELOPMENT_TEAM = 2ZZQGXN669;
				GENERATE_INFOPLIST_FILE = YES;
				IPHONEOS_DEPLOYMENT_TARGET = 15.2;
				MARKETING_VERSION = 1.0;
				PRODUCT_BUNDLE_IDENTIFIER = "com.dequesystems.axe-devtools-ios-sample-appTests";
				PRODUCT_NAME = "$(TARGET_NAME)";
				SWIFT_EMIT_LOC_STRINGS = NO;
				SWIFT_VERSION = 5.0;
				TARGETED_DEVICE_FAMILY = "1,2";
				TEST_HOST = "$(BUILT_PRODUCTS_DIR)/axe-devtools-ios-sample-app.app/axe-devtools-ios-sample-app";
			};
			name = Debug;
		};
		F3F31DBA27DFD32500D87988 /* Release */ = {
			isa = XCBuildConfiguration;
			buildSettings = {
				ALWAYS_EMBED_SWIFT_STANDARD_LIBRARIES = YES;
				BUNDLE_LOADER = "$(TEST_HOST)";
				CODE_SIGN_STYLE = Automatic;
				CURRENT_PROJECT_VERSION = 1;
				DEVELOPMENT_TEAM = 2ZZQGXN669;
				GENERATE_INFOPLIST_FILE = YES;
				IPHONEOS_DEPLOYMENT_TARGET = 15.2;
				MARKETING_VERSION = 1.0;
				PRODUCT_BUNDLE_IDENTIFIER = "com.dequesystems.axe-devtools-ios-sample-appTests";
				PRODUCT_NAME = "$(TARGET_NAME)";
				SWIFT_EMIT_LOC_STRINGS = NO;
				SWIFT_VERSION = 5.0;
				TARGETED_DEVICE_FAMILY = "1,2";
				TEST_HOST = "$(BUILT_PRODUCTS_DIR)/axe-devtools-ios-sample-app.app/axe-devtools-ios-sample-app";
			};
			name = Release;
		};
		F3F31DBC27DFD32500D87988 /* Debug */ = {
			isa = XCBuildConfiguration;
			buildSettings = {
				ALWAYS_EMBED_SWIFT_STANDARD_LIBRARIES = YES;
				CODE_SIGN_STYLE = Automatic;
				CURRENT_PROJECT_VERSION = 1;
				DEVELOPMENT_TEAM = 2ZZQGXN669;
				GENERATE_INFOPLIST_FILE = YES;
				MARKETING_VERSION = 1.0;
				PRODUCT_BUNDLE_IDENTIFIER = "com.dequesystems.axe-devtools-ios-sample-appUITests";
				PRODUCT_NAME = "$(TARGET_NAME)";
				SWIFT_EMIT_LOC_STRINGS = NO;
				SWIFT_VERSION = 5.0;
				TARGETED_DEVICE_FAMILY = "1,2";
				TEST_TARGET_NAME = "axe-devtools-ios-sample-app";
			};
			name = Debug;
		};
		F3F31DBD27DFD32500D87988 /* Release */ = {
			isa = XCBuildConfiguration;
			buildSettings = {
				ALWAYS_EMBED_SWIFT_STANDARD_LIBRARIES = YES;
				CODE_SIGN_STYLE = Automatic;
				CURRENT_PROJECT_VERSION = 1;
				DEVELOPMENT_TEAM = 2ZZQGXN669;
				GENERATE_INFOPLIST_FILE = YES;
				MARKETING_VERSION = 1.0;
				PRODUCT_BUNDLE_IDENTIFIER = "com.dequesystems.axe-devtools-ios-sample-appUITests";
				PRODUCT_NAME = "$(TARGET_NAME)";
				SWIFT_EMIT_LOC_STRINGS = NO;
				SWIFT_VERSION = 5.0;
				TARGETED_DEVICE_FAMILY = "1,2";
				TEST_TARGET_NAME = "axe-devtools-ios-sample-app";
			};
			name = Release;
		};
/* End XCBuildConfiguration section */

/* Begin XCConfigurationList section */
		F3F31D8627DFD32500D87988 /* Build configuration list for PBXProject "axe-devtools-ios-sample-app" */ = {
			isa = XCConfigurationList;
			buildConfigurations = (
				F3F31DB327DFD32500D87988 /* Debug */,
				F3F31DB427DFD32500D87988 /* Release */,
			);
			defaultConfigurationIsVisible = 0;
			defaultConfigurationName = Release;
		};
		F3F31DB527DFD32500D87988 /* Build configuration list for PBXNativeTarget "axe-devtools-ios-sample-app" */ = {
			isa = XCConfigurationList;
			buildConfigurations = (
				F3F31DB627DFD32500D87988 /* Debug */,
				F3F31DB727DFD32500D87988 /* Release */,
			);
			defaultConfigurationIsVisible = 0;
			defaultConfigurationName = Release;
		};
		F3F31DB827DFD32500D87988 /* Build configuration list for PBXNativeTarget "axe-devtools-ios-sample-appTests" */ = {
			isa = XCConfigurationList;
			buildConfigurations = (
				F3F31DB927DFD32500D87988 /* Debug */,
				F3F31DBA27DFD32500D87988 /* Release */,
			);
			defaultConfigurationIsVisible = 0;
			defaultConfigurationName = Release;
		};
		F3F31DBB27DFD32500D87988 /* Build configuration list for PBXNativeTarget "axe-devtools-ios-sample-appUITests" */ = {
			isa = XCConfigurationList;
			buildConfigurations = (
				F3F31DBC27DFD32500D87988 /* Debug */,
				F3F31DBD27DFD32500D87988 /* Release */,
			);
			defaultConfigurationIsVisible = 0;
			defaultConfigurationName = Release;
		};
/* End XCConfigurationList section */
	};
	rootObject = F3F31D8327DFD32500D87988 /* Project object */;
}
